// !$*UTF8*$!
{
	archiveVersion = 1;
	classes = {
	};
	objectVersion = 77;
	objects = {

/* Begin PBXBuildFile section */
		4C32A6EE3437323A7514B0B4 /* RoleStyle.swift in Sources */ = {isa = PBXBuildFile; fileRef = F5FFA1F62BC194BA0E99B849 /* RoleStyle.swift */; };
		5056638BE83E2F1F3057A943 /* ShowcasePanel.swift in Sources */ = {isa = PBXBuildFile; fileRef = 67F4DE306F0EB06893E34BE5 /* ShowcasePanel.swift */; };
		797A49FB774C7F5AE8A688B0 /* ScriptRunner.swift in Sources */ = {isa = PBXBuildFile; fileRef = 40DBF634D57D7C679477B24F /* ScriptRunner.swift */; };
		36AC7CECA938AB5255D62420 /* TerminalLauncher.swift in Sources */ = {isa = PBXBuildFile; fileRef = 23668EC783E9D766D58EC385 /* TerminalLauncher.swift */; };
		63EFD7C614B9FEE421F8D13C /* CriticalInfraApp.swift in Sources */ = {isa = PBXBuildFile; fileRef = 221F9F53106E554958009007 /* CriticalInfraApp.swift */; };
		686AA57AEA74D80280CA1274 /* AppModel.swift in Sources */ = {isa = PBXBuildFile; fileRef = D707DD6936DC9243026F6249 /* AppModel.swift */; };
		996BDFAD4999673CE8CAC823 /* CriticalInfraKit in Frameworks */ = {isa = PBXBuildFile; productRef = 8F482D766DD2D70160FDE57B /* CriticalInfraKit */; };
		CB7227801ADBFD81AF4222D7 /* ContentView.swift in Sources */ = {isa = PBXBuildFile; fileRef = 8AB4A04D0D632889F66854D9 /* ContentView.swift */; };
		C3C74130A55E700077D27001 /* Assets.xcassets in Resources */ = {isa = PBXBuildFile; fileRef = C3C7412B2FFEB17E00077D27 /* Assets.xcassets */; };
/* End PBXBuildFile section */

/* Begin PBXFileReference section */
		221F9F53106E554958009007 /* CriticalInfraApp.swift */ = {isa = PBXFileReference; lastKnownFileType = sourcecode.swift; path = CriticalInfraApp.swift; sourceTree = "<group>"; };
		516B4C6854343E53660B6DFD /* CriticalInfra.app */ = {isa = PBXFileReference; explicitFileType = wrapper.application; includeInIndex = 0; path = CriticalInfra.app; sourceTree = BUILT_PRODUCTS_DIR; };
		8AB4A04D0D632889F66854D9 /* ContentView.swift */ = {isa = PBXFileReference; lastKnownFileType = sourcecode.swift; path = ContentView.swift; sourceTree = "<group>"; };
		94B0FE4308A7ED24DF787FD7 /* apple */ = {isa = PBXFileReference; lastKnownFileType = folder; name = apple; path = .; sourceTree = SOURCE_ROOT; };
		C3C7412B2FFEB17E00077D27 /* Assets.xcassets */ = {isa = PBXFileReference; lastKnownFileType = folder.assetcatalog; path = Assets.xcassets; sourceTree = "<group>"; };
		D707DD6936DC9243026F6249 /* AppModel.swift */ = {isa = PBXFileReference; lastKnownFileType = sourcecode.swift; path = AppModel.swift; sourceTree = "<group>"; };
		F5FFA1F62BC194BA0E99B849 /* RoleStyle.swift */ = {isa = PBXFileReference; lastKnownFileType = sourcecode.swift; path = RoleStyle.swift; sourceTree = "<group>"; };
		67F4DE306F0EB06893E34BE5 /* ShowcasePanel.swift */ = {isa = PBXFileReference; lastKnownFileType = sourcecode.swift; path = ShowcasePanel.swift; sourceTree = "<group>"; };
		40DBF634D57D7C679477B24F /* ScriptRunner.swift */ = {isa = PBXFileReference; lastKnownFileType = sourcecode.swift; path = ScriptRunner.swift; sourceTree = "<group>"; };
		23668EC783E9D766D58EC385 /* TerminalLauncher.swift */ = {isa = PBXFileReference; lastKnownFileType = sourcecode.swift; path = TerminalLauncher.swift; sourceTree = "<group>"; };
/* End PBXFileReference section */

/* Begin PBXFrameworksBuildPhase section */
		62AB993D63300EF7BBABDA97 /* Frameworks */ = {
			isa = PBXFrameworksBuildPhase;
			buildActionMask = 2147483647;
			files = (
				996BDFAD4999673CE8CAC823 /* CriticalInfraKit in Frameworks */,
			);
			runOnlyForDeploymentPostprocessing = 0;
		};
/* End PBXFrameworksBuildPhase section */

/* Begin PBXResourcesBuildPhase section */
		C3C74130A55E700077D27002 /* Resources */ = {
			isa = PBXResourcesBuildPhase;
			buildActionMask = 2147483647;
			files = (
				C3C74130A55E700077D27001 /* Assets.xcassets in Resources */,
			);
			runOnlyForDeploymentPostprocessing = 0;
		};
/* End PBXResourcesBuildPhase section */

/* Begin PBXGroup section */
		0B5A5822C634F6E415574767 /* AppSources */ = {
			isa = PBXGroup;
			children = (
				D707DD6936DC9243026F6249 /* AppModel.swift */,
				8AB4A04D0D632889F66854D9 /* ContentView.swift */,
				221F9F53106E554958009007 /* CriticalInfraApp.swift */,
				F5FFA1F62BC194BA0E99B849 /* RoleStyle.swift */,
				67F4DE306F0EB06893E34BE5 /* ShowcasePanel.swift */,
				40DBF634D57D7C679477B24F /* ScriptRunner.swift */,
				23668EC783E9D766D58EC385 /* TerminalLauncher.swift */,
			);
			path = AppSources;
			sourceTree = "<group>";
		};
		10919E44519F4EF1AD7E1ECA /* Packages */ = {
			isa = PBXGroup;
			children = (
				94B0FE4308A7ED24DF787FD7 /* apple */,
			);
			name = Packages;
			sourceTree = "<group>";
		};
		958465F81641A28BA3ECE3F2 = {
			isa = PBXGroup;
			children = (
				C3C7412B2FFEB17E00077D27 /* Assets.xcassets */,
				0B5A5822C634F6E415574767 /* AppSources */,
				10919E44519F4EF1AD7E1ECA /* Packages */,
				A5D01E3892D31F70F776F7FA /* Products */,
				C3C7412A2FFEA52600077D27 /* Recovered References */,
			);
			sourceTree = "<group>";
		};
		A5D01E3892D31F70F776F7FA /* Products */ = {
			isa = PBXGroup;
			children = (
				516B4C6854343E53660B6DFD /* CriticalInfra.app */,
			);
			name = Products;
			sourceTree = "<group>";
		};
		C3C7412A2FFEA52600077D27 /* Recovered References */ = {
			isa = PBXGroup;
			children = (
			);
			name = "Recovered References";
			sourceTree = "<group>";
		};
/* End PBXGroup section */

/* Begin PBXNativeTarget section */
		478042CDDC5647385C15559C /* CriticalInfra */ = {
			isa = PBXNativeTarget;
			buildConfigurationList = B4A8ABD2EB3BDCEC33DCC5A7 /* Build configuration list for PBXNativeTarget "CriticalInfra" */;
			buildPhases = (
				8FED83D9BC3516302A16C373 /* Sources */,
				62AB993D63300EF7BBABDA97 /* Frameworks */,
				C3C74130A55E700077D27002 /* Resources */,
			);
			buildRules = (
			);
			dependencies = (
			);
			name = CriticalInfra;
			packageProductDependencies = (
				8F482D766DD2D70160FDE57B /* CriticalInfraKit */,
			);
			productName = CriticalInfra;
			productReference = 516B4C6854343E53660B6DFD /* CriticalInfra.app */;
			productType = "com.apple.product-type.application";
		};
/* End PBXNativeTarget section */

/* Begin PBXProject section */
		CFD42EA40E673A8DFFA7DAF9 /* Project object */ = {
			isa = PBXProject;
			attributes = {
				BuildIndependentTargetsInParallel = YES;
				LastUpgradeCheck = 1430;
				TargetAttributes = {
					478042CDDC5647385C15559C = {
						ProvisioningStyle = Automatic;
					};
				};
			};
			buildConfigurationList = AA0617C188B38D04BD1340E5 /* Build configuration list for PBXProject "CriticalInfra" */;
			developmentRegion = en;
			hasScannedForEncodings = 0;
			knownRegions = (
				Base,
				en,
			);
			mainGroup = 958465F81641A28BA3ECE3F2;
			minimizedProjectReferenceProxies = 1;
			packageReferences = (
				5469C6AE41BC6085A04F5E46 /* XCLocalSwiftPackageReference "." */,
			);
			preferredProjectObjectVersion = 77;
			productRefGroup = A5D01E3892D31F70F776F7FA /* Products */;
			projectDirPath = "";
			projectRoot = "";
			targets = (
				478042CDDC5647385C15559C /* CriticalInfra */,
			);
		};
/* End PBXProject section */

/* Begin PBXSourcesBuildPhase section */
		8FED83D9BC3516302A16C373 /* Sources */ = {
			isa = PBXSourcesBuildPhase;
			buildActionMask = 2147483647;
			files = (
				686AA57AEA74D80280CA1274 /* AppModel.swift in Sources */,
				CB7227801ADBFD81AF4222D7 /* ContentView.swift in Sources */,
				63EFD7C614B9FEE421F8D13C /* CriticalInfraApp.swift in Sources */,
				4C32A6EE3437323A7514B0B4 /* RoleStyle.swift in Sources */,
				5056638BE83E2F1F3057A943 /* ShowcasePanel.swift in Sources */,
				797A49FB774C7F5AE8A688B0 /* ScriptRunner.swift in Sources */,
				36AC7CECA938AB5255D62420 /* TerminalLauncher.swift in Sources */,
			);
			runOnlyForDeploymentPostprocessing = 0;
		};
/* End PBXSourcesBuildPhase section */

/* Begin XCBuildConfiguration section */
		13526B87BEC50231426E3B50 /* Debug */ = {
			isa = XCBuildConfiguration;
			buildSettings = {
				ASSETCATALOG_COMPILER_APPICON_NAME = AppIcon;
				CODE_SIGN_IDENTITY = "iPhone Developer";
				"CODE_SIGN_IDENTITY[sdk=macosx*]" = "-";
				CODE_SIGN_STYLE = Automatic;
				CURRENT_PROJECT_VERSION = 1;
				DEVELOPMENT_TEAM = W5U7X6AK5F;
				GENERATE_INFOPLIST_FILE = YES;
				INFOPLIST_KEY_CFBundleDisplayName = CriticalInfra;
				INFOPLIST_KEY_LSApplicationCategoryType = "public.app-category.developer-tools";
				"CODE_SIGN_ENTITLEMENTS[sdk=iphone*]" = CriticalInfra.entitlements;
				INFOPLIST_KEY_NSFaceIDUsageDescription = "Authorize commands and role changes with Face ID.";
				INFOPLIST_KEY_NSBluetoothAlwaysUsageDescription = "Connect to the CriticalInfra device over Bluetooth LE.";
				INFOPLIST_KEY_NSLocalNetworkUsageDescription = "Reach the CriticalInfra device over the local Wi-Fi network (UDP).";
				LD_RUNPATH_SEARCH_PATHS = (
					"$(inherited)",
					"@executable_path/Frameworks",
				);
				MARKETING_VERSION = 0.1.0;
				PRODUCT_BUNDLE_IDENTIFIER = infra.critical.bsse;
				SDKROOT = auto;
				SUPPORTED_PLATFORMS = "iphoneos iphonesimulator macosx";
				SUPPORTS_MACCATALYST = NO;
				SUPPORTS_MAC_DESIGNED_FOR_IPHONE_IPAD = NO;
				SUPPORTS_XR_DESIGNED_FOR_IPHONE_IPAD = YES;
				SWIFT_VERSION = 5.0;
				TARGETED_DEVICE_FAMILY = "1,2";
			};
			name = Debug;
		};
		BCA41DFA8E56870E28BC608B /* Release */ = {
			isa = XCBuildConfiguration;
			buildSettings = {
				ASSETCATALOG_COMPILER_APPICON_NAME = AppIcon;
				CODE_SIGN_IDENTITY = "iPhone Developer";
				"CODE_SIGN_IDENTITY[sdk=macosx*]" = "-";
				CODE_SIGN_STYLE = Automatic;
				CURRENT_PROJECT_VERSION = 1;
				DEVELOPMENT_TEAM = W5U7X6AK5F;
				GENERATE_INFOPLIST_FILE = YES;
				INFOPLIST_KEY_CFBundleDisplayName = CriticalInfra;
				INFOPLIST_KEY_LSApplicationCategoryType = "public.app-category.developer-tools";
				"CODE_SIGN_ENTITLEMENTS[sdk=iphone*]" = CriticalInfra.entitlements;
				INFOPLIST_KEY_NSFaceIDUsageDescription = "Authorize commands and role changes with Face ID.";
				INFOPLIST_KEY_NSBluetoothAlwaysUsageDescription = "Connect to the CriticalInfra device over Bluetooth LE.";
				INFOPLIST_KEY_NSLocalNetworkUsageDescription = "Reach the CriticalInfra device over the local Wi-Fi network (UDP).";
				LD_RUNPATH_SEARCH_PATHS = (
					"$(inherited)",
					"@executable_path/Frameworks",
				);
				MARKETING_VERSION = 0.1.0;
				PRODUCT_BUNDLE_IDENTIFIER = infra.critical.bsse;
				SDKROOT = auto;
				SUPPORTED_PLATFORMS = "iphoneos iphonesimulator macosx";
				SUPPORTS_MACCATALYST = NO;
				SUPPORTS_MAC_DESIGNED_FOR_IPHONE_IPAD = NO;
				SUPPORTS_XR_DESIGNED_FOR_IPHONE_IPAD = YES;
				SWIFT_VERSION = 5.0;
				TARGETED_DEVICE_FAMILY = "1,2";
			};
			name = Release;
		};
		DC05B419F6D2E2C6F408D361 /* Release */ = {
			isa = XCBuildConfiguration;
			buildSettings = {
				ALWAYS_SEARCH_USER_PATHS = NO;
				CLANG_ANALYZER_NONNULL = YES;
				CLANG_ANALYZER_NUMBER_OBJECT_CONVERSION = YES_AGGRESSIVE;
				CLANG_CXX_LANGUAGE_STANDARD = "gnu++14";
				CLANG_CXX_LIBRARY = "libc++";
				CLANG_ENABLE_MODULES = YES;
				CLANG_ENABLE_OBJC_ARC = YES;
				CLANG_ENABLE_OBJC_WEAK = YES;
				CLANG_WARN_BLOCK_CAPTURE_AUTORELEASING = YES;
				CLANG_WARN_BOOL_CONVERSION = YES;
				CLANG_WARN_COMMA = YES;
				CLANG_WARN_CONSTANT_CONVERSION = YES;
				CLANG_WARN_DEPRECATED_OBJC_IMPLEMENTATIONS = YES;
				CLANG_WARN_DIRECT_OBJC_ISA_USAGE = YES_ERROR;
				CLANG_WARN_DOCUMENTATION_COMMENTS = YES;
				CLANG_WARN_EMPTY_BODY = YES;
				CLANG_WARN_ENUM_CONVERSION = YES;
				CLANG_WARN_INFINITE_RECURSION = YES;
				CLANG_WARN_INT_CONVERSION = YES;
				CLANG_WARN_NON_LITERAL_NULL_CONVERSION = YES;
				CLANG_WARN_OBJC_IMPLICIT_RETAIN_SELF = YES;
				CLANG_WARN_OBJC_LITERAL_CONVERSION = YES;
				CLANG_WARN_OBJC_ROOT_CLASS = YES_ERROR;
				CLANG_WARN_QUOTED_INCLUDE_IN_FRAMEWORK_HEADER = YES;
				CLANG_WARN_RANGE_LOOP_ANALYSIS = YES;
				CLANG_WARN_STRICT_PROTOTYPES = YES;
				CLANG_WARN_SUSPICIOUS_MOVE = YES;
				CLANG_WARN_UNGUARDED_AVAILABILITY = YES_AGGRESSIVE;
				CLANG_WARN_UNREACHABLE_CODE = YES;
				CLANG_WARN__DUPLICATE_METHOD_MATCH = YES;
				COPY_PHASE_STRIP = NO;
				DEBUG_INFORMATION_FORMAT = "dwarf-with-dsym";
				ENABLE_HARDENED_RUNTIME = YES;
				ENABLE_NS_ASSERTIONS = NO;
				ENABLE_STRICT_OBJC_MSGSEND = YES;
				GCC_C_LANGUAGE_STANDARD = gnu11;
				GCC_NO_COMMON_BLOCKS = YES;
				GCC_WARN_64_TO_32_BIT_CONVERSION = YES;
				GCC_WARN_ABOUT_RETURN_TYPE = YES_ERROR;
				GCC_WARN_UNDECLARED_SELECTOR = YES;
				GCC_WARN_UNINITIALIZED_AUTOS = YES_AGGRESSIVE;
				GCC_WARN_UNUSED_FUNCTION = YES;
				GCC_WARN_UNUSED_VARIABLE = YES;
				MTL_ENABLE_DEBUG_INFO = NO;
				MTL_FAST_MATH = YES;
				PRODUCT_NAME = "$(TARGET_NAME)";
				SDKROOT = auto;
				SWIFT_COMPILATION_MODE = wholemodule;
				SWIFT_OPTIMIZATION_LEVEL = "-O";
				SWIFT_VERSION = 5.0;
			};
			name = Release;
		};
		F6822A0C6260AF4879B933A9 /* Debug */ = {
			isa = XCBuildConfiguration;
			buildSettings = {
				ALWAYS_SEARCH_USER_PATHS = NO;
				CLANG_ANALYZER_NONNULL = YES;
				CLANG_ANALYZER_NUMBER_OBJECT_CONVERSION = YES_AGGRESSIVE;
				CLANG_CXX_LANGUAGE_STANDARD = "gnu++14";
				CLANG_CXX_LIBRARY = "libc++";
				CLANG_ENABLE_MODULES = YES;
				CLANG_ENABLE_OBJC_ARC = YES;
				CLANG_ENABLE_OBJC_WEAK = YES;
				CLANG_WARN_BLOCK_CAPTURE_AUTORELEASING = YES;
				CLANG_WARN_BOOL_CONVERSION = YES;
				CLANG_WARN_COMMA = YES;
				CLANG_WARN_CONSTANT_CONVERSION = YES;
				CLANG_WARN_DEPRECATED_OBJC_IMPLEMENTATIONS = YES;
				CLANG_WARN_DIRECT_OBJC_ISA_USAGE = YES_ERROR;
				CLANG_WARN_DOCUMENTATION_COMMENTS = YES;
				CLANG_WARN_EMPTY_BODY = YES;
				CLANG_WARN_ENUM_CONVERSION = YES;
				CLANG_WARN_INFINITE_RECURSION = YES;
				CLANG_WARN_INT_CONVERSION = YES;
				CLANG_WARN_NON_LITERAL_NULL_CONVERSION = YES;
				CLANG_WARN_OBJC_IMPLICIT_RETAIN_SELF = YES;
				CLANG_WARN_OBJC_LITERAL_CONVERSION = YES;
				CLANG_WARN_OBJC_ROOT_CLASS = YES_ERROR;
				CLANG_WARN_QUOTED_INCLUDE_IN_FRAMEWORK_HEADER = YES;
				CLANG_WARN_RANGE_LOOP_ANALYSIS = YES;
				CLANG_WARN_STRICT_PROTOTYPES = YES;
				CLANG_WARN_SUSPICIOUS_MOVE = YES;
				CLANG_WARN_UNGUARDED_AVAILABILITY = YES_AGGRESSIVE;
				CLANG_WARN_UNREACHABLE_CODE = YES;
				CLANG_WARN__DUPLICATE_METHOD_MATCH = YES;
				COPY_PHASE_STRIP = NO;
				DEBUG_INFORMATION_FORMAT = dwarf;
				ENABLE_HARDENED_RUNTIME = YES;
				ENABLE_STRICT_OBJC_MSGSEND = YES;
				ENABLE_TESTABILITY = YES;
				GCC_C_LANGUAGE_STANDARD = gnu11;
				GCC_DYNAMIC_NO_PIC = NO;
				GCC_NO_COMMON_BLOCKS = YES;
				GCC_OPTIMIZATION_LEVEL = 0;
				GCC_PREPROCESSOR_DEFINITIONS = (
					"$(inherited)",
					"DEBUG=1",
				);
				GCC_WARN_64_TO_32_BIT_CONVERSION = YES;
				GCC_WARN_ABOUT_RETURN_TYPE = YES_ERROR;
				GCC_WARN_UNDECLARED_SELECTOR = YES;
				GCC_WARN_UNINITIALIZED_AUTOS = YES_AGGRESSIVE;
				GCC_WARN_UNUSED_FUNCTION = YES;
				GCC_WARN_UNUSED_VARIABLE = YES;
				MTL_ENABLE_DEBUG_INFO = INCLUDE_SOURCE;
				MTL_FAST_MATH = YES;
				ONLY_ACTIVE_ARCH = YES;
				PRODUCT_NAME = "$(TARGET_NAME)";
				SDKROOT = auto;
				SWIFT_ACTIVE_COMPILATION_CONDITIONS = DEBUG;
				SWIFT_OPTIMIZATION_LEVEL = "-Onone";
				SWIFT_VERSION = 5.0;
			};
			name = Debug;
		};
/* End XCBuildConfiguration section */

/* Begin XCConfigurationList section */
		AA0617C188B38D04BD1340E5 /* Build configuration list for PBXProject "CriticalInfra" */ = {
			isa = XCConfigurationList;
			buildConfigurations = (
				F6822A0C6260AF4879B933A9 /* Debug */,
				DC05B419F6D2E2C6F408D361 /* Release */,
			);
			defaultConfigurationIsVisible = 0;
			defaultConfigurationName = Debug;
		};
		B4A8ABD2EB3BDCEC33DCC5A7 /* Build configuration list for PBXNativeTarget "CriticalInfra" */ = {
			isa = XCConfigurationList;
			buildConfigurations = (
				13526B87BEC50231426E3B50 /* Debug */,
				BCA41DFA8E56870E28BC608B /* Release */,
			);
			defaultConfigurationIsVisible = 0;
			defaultConfigurationName = Debug;
		};
/* End XCConfigurationList section */

/* Begin XCLocalSwiftPackageReference section */
		5469C6AE41BC6085A04F5E46 /* XCLocalSwiftPackageReference "." */ = {
			isa = XCLocalSwiftPackageReference;
			relativePath = .;
		};
/* End XCLocalSwiftPackageReference section */

/* Begin XCSwiftPackageProductDependency section */
		8F482D766DD2D70160FDE57B /* CriticalInfraKit */ = {
			isa = XCSwiftPackageProductDependency;
			productName = CriticalInfraKit;
		};
/* End XCSwiftPackageProductDependency section */
	};
	rootObject = CFD42EA40E673A8DFFA7DAF9 /* Project object */;
}
